// !$*UTF8*$!
{
	archiveVersion = 1;
	classes = {
	};
	objectVersion = 56;
	objects = {

/* Begin PBXBuildFile section */
		8E372AA52C3A897700AE385C /* LoginViewModel.swift in Sources */ = {isa = PBXBuildFile; fileRef = 8E372AA42C3A897700AE385C /* LoginViewModel.swift */; };
		8E372AA82C3A8B7D00AE385C /* LoginAPIRequestModel.swift in Sources */ = {isa = PBXBuildFile; fileRef = 8E372AA72C3A8B7D00AE385C /* LoginAPIRequestModel.swift */; };
		8E372AAA2C3A8BE800AE385C /* GenericAPIResponse.swift in Sources */ = {isa = PBXBuildFile; fileRef = 8E372AA92C3A8BE800AE385C /* GenericAPIResponse.swift */; };
		8E372AAF2C3A906400AE385C /* StringExtensions.swift in Sources */ = {isa = PBXBuildFile; fileRef = 8E372AAE2C3A906400AE385C /* StringExtensions.swift */; };
		8E372AB22C3A978C00AE385C /* CustomAlertController.swift in Sources */ = {isa = PBXBuildFile; fileRef = 8E372AB12C3A978C00AE385C /* CustomAlertController.swift */; };
		8E372AB42C3A983C00AE385C /* UIApplicationExtension.swift in Sources */ = {isa = PBXBuildFile; fileRef = 8E372AB32C3A983C00AE385C /* UIApplicationExtension.swift */; };
		8E372AB72C3A9DBB00AE385C /* IQKeyboardManagerSwift in Frameworks */ = {isa = PBXBuildFile; productRef = 8E372AB62C3A9DBB00AE385C /* IQKeyboardManagerSwift */; };
		8E372ABA2C3A9F1500AE385C /* APIManager.swift in Sources */ = {isa = PBXBuildFile; fileRef = 8E372AB92C3A9F1500AE385C /* APIManager.swift */; };
		8E372ABC2C3AC60B00AE385C /* Constant.swift in Sources */ = {isa = PBXBuildFile; fileRef = 8E372ABB2C3AC60B00AE385C /* Constant.swift */; };
		8E372ABE2C3ACB1700AE385C /* LoginAPIResponseModel.swift in Sources */ = {isa = PBXBuildFile; fileRef = 8E372ABD2C3ACB1700AE385C /* LoginAPIResponseModel.swift */; };
		8E372AC02C3ACCF800AE385C /* APIError.swift in Sources */ = {isa = PBXBuildFile; fileRef = 8E372ABF2C3ACCF800AE385C /* APIError.swift */; };
		8E372AC22C3ACE2400AE385C /* LoginManager.swift in Sources */ = {isa = PBXBuildFile; fileRef = 8E372AC12C3ACE2400AE385C /* LoginManager.swift */; };
		8E372AC42C3AE69700AE385C /* HomeViewController.swift in Sources */ = {isa = PBXBuildFile; fileRef = 8E372AC32C3AE69700AE385C /* HomeViewController.swift */; };
		8E372AC62C3AEC9100AE385C /* HomeNavigationController.swift in Sources */ = {isa = PBXBuildFile; fileRef = 8E372AC52C3AEC9100AE385C /* HomeNavigationController.swift */; };
		8E372AC82C3B8A3600AE385C /* HomeViewModel.swift in Sources */ = {isa = PBXBuildFile; fileRef = 8E372AC72C3B8A3600AE385C /* HomeViewModel.swift */; };
		8E372ACA2C3B8C1A00AE385C /* RefreshInspectionAPIResponse.swift in Sources */ = {isa = PBXBuildFile; fileRef = 8E372AC92C3B8C1A00AE385C /* RefreshInspectionAPIResponse.swift */; };
		8E372ACC2C3B8FA200AE385C /* InspectionViewController.swift in Sources */ = {isa = PBXBuildFile; fileRef = 8E372ACB2C3B8FA200AE385C /* InspectionViewController.swift */; };
		8E372ACE2C3B906200AE385C /* InspectionViewModel.swift in Sources */ = {isa = PBXBuildFile; fileRef = 8E372ACD2C3B906200AE385C /* InspectionViewModel.swift */; };
		8E372AD22C3BA24700AE385C /* InspectionListTableViewCell.swift in Sources */ = {isa = PBXBuildFile; fileRef = 8E372AD02C3BA24700AE385C /* InspectionListTableViewCell.swift */; };
		8E372AD32C3BA24700AE385C /* InspectionListTableViewCell.xib in Resources */ = {isa = PBXBuildFile; fileRef = 8E372AD12C3BA24700AE385C /* InspectionListTableViewCell.xib */; };
		8E8337E42C3A8335003F0C37 /* AppDelegate.swift in Sources */ = {isa = PBXBuildFile; fileRef = 8E8337E32C3A8335003F0C37 /* AppDelegate.swift */; };
		8E8337E62C3A8335003F0C37 /* SceneDelegate.swift in Sources */ = {isa = PBXBuildFile; fileRef = 8E8337E52C3A8335003F0C37 /* SceneDelegate.swift */; };
		8E8337E82C3A8335003F0C37 /* LoginViewController.swift in Sources */ = {isa = PBXBuildFile; fileRef = 8E8337E72C3A8335003F0C37 /* LoginViewController.swift */; };
		8E8337EB2C3A8335003F0C37 /* Main.storyboard in Resources */ = {isa = PBXBuildFile; fileRef = 8E8337E92C3A8335003F0C37 /* Main.storyboard */; };
		8E8337EE2C3A8335003F0C37 /* SATechnologiesMachineTest.xcdatamodeld in Sources */ = {isa = PBXBuildFile; fileRef = 8E8337EC2C3A8335003F0C37 /* SATechnologiesMachineTest.xcdatamodeld */; };
		8E8337F02C3A8337003F0C37 /* Assets.xcassets in Resources */ = {isa = PBXBuildFile; fileRef = 8E8337EF2C3A8337003F0C37 /* Assets.xcassets */; };
		8E8337F32C3A8337003F0C37 /* LaunchScreen.storyboard in Resources */ = {isa = PBXBuildFile; fileRef = 8E8337F12C3A8337003F0C37 /* LaunchScreen.storyboard */; };
/* End PBXBuildFile section */

/* Begin PBXFileReference section */
		8E372AA42C3A897700AE385C /* LoginViewModel.swift */ = {isa = PBXFileReference; lastKnownFileType = sourcecode.swift; path = LoginViewModel.swift; sourceTree = "<group>"; };
		8E372AA72C3A8B7D00AE385C /* LoginAPIRequestModel.swift */ = {isa = PBXFileReference; lastKnownFileType = sourcecode.swift; path = LoginAPIRequestModel.swift; sourceTree = "<group>"; };
		8E372AA92C3A8BE800AE385C /* GenericAPIResponse.swift */ = {isa = PBXFileReference; lastKnownFileType = sourcecode.swift; path = GenericAPIResponse.swift; sourceTree = "<group>"; };
		8E372AAE2C3A906400AE385C /* StringExtensions.swift */ = {isa = PBXFileReference; lastKnownFileType = sourcecode.swift; path = StringExtensions.swift; sourceTree = "<group>"; };
		8E372AB12C3A978C00AE385C /* CustomAlertController.swift */ = {isa = PBXFileReference; lastKnownFileType = sourcecode.swift; path = CustomAlertController.swift; sourceTree = "<group>"; };
		8E372AB32C3A983C00AE385C /* UIApplicationExtension.swift */ = {isa = PBXFileReference; lastKnownFileType = sourcecode.swift; path = UIApplicationExtension.swift; sourceTree = "<group>"; };
		8E372AB92C3A9F1500AE385C /* APIManager.swift */ = {isa = PBXFileReference; lastKnownFileType = sourcecode.swift; path = APIManager.swift; sourceTree = "<group>"; };
		8E372ABB2C3AC60B00AE385C /* Constant.swift */ = {isa = PBXFileReference; lastKnownFileType = sourcecode.swift; path = Constant.swift; sourceTree = "<group>"; };
		8E372ABD2C3ACB1700AE385C /* LoginAPIResponseModel.swift */ = {isa = PBXFileReference; lastKnownFileType = sourcecode.swift; path = LoginAPIResponseModel.swift; sourceTree = "<group>"; };
		8E372ABF2C3ACCF800AE385C /* APIError.swift */ = {isa = PBXFileReference; lastKnownFileType = sourcecode.swift; path = APIError.swift; sourceTree = "<group>"; };
		8E372AC12C3ACE2400AE385C /* LoginManager.swift */ = {isa = PBXFileReference; lastKnownFileType = sourcecode.swift; path = LoginManager.swift; sourceTree = "<group>"; };
		8E372AC32C3AE69700AE385C /* HomeViewController.swift */ = {isa = PBXFileReference; lastKnownFileType = sourcecode.swift; path = HomeViewController.swift; sourceTree = "<group>"; };
		8E372AC52C3AEC9100AE385C /* HomeNavigationController.swift */ = {isa = PBXFileReference; lastKnownFileType = sourcecode.swift; path = HomeNavigationController.swift; sourceTree = "<group>"; };
		8E372AC72C3B8A3600AE385C /* HomeViewModel.swift */ = {isa = PBXFileReference; lastKnownFileType = sourcecode.swift; path = HomeViewModel.swift; sourceTree = "<group>"; };
		8E372AC92C3B8C1A00AE385C /* RefreshInspectionAPIResponse.swift */ = {isa = PBXFileReference; lastKnownFileType = sourcecode.swift; path = RefreshInspectionAPIResponse.swift; sourceTree = "<group>"; };
		8E372ACB2C3B8FA200AE385C /* InspectionViewController.swift */ = {isa = PBXFileReference; lastKnownFileType = sourcecode.swift; path = InspectionViewController.swift; sourceTree = "<group>"; };
		8E372ACD2C3B906200AE385C /* InspectionViewModel.swift */ = {isa = PBXFileReference; lastKnownFileType = sourcecode.swift; path = InspectionViewModel.swift; sourceTree = "<group>"; };
		8E372AD02C3BA24700AE385C /* InspectionListTableViewCell.swift */ = {isa = PBXFileReference; lastKnownFileType = sourcecode.swift; path = InspectionListTableViewCell.swift; sourceTree = "<group>"; };
		8E372AD12C3BA24700AE385C /* InspectionListTableViewCell.xib */ = {isa = PBXFileReference; lastKnownFileType = file.xib; path = InspectionListTableViewCell.xib; sourceTree = "<group>"; };
		8E8337E02C3A8335003F0C37 /* SATechnologiesMachineTest.app */ = {isa = PBXFileReference; explicitFileType = wrapper.application; includeInIndex = 0; path = SATechnologiesMachineTest.app; sourceTree = BUILT_PRODUCTS_DIR; };
		8E8337E32C3A8335003F0C37 /* AppDelegate.swift */ = {isa = PBXFileReference; lastKnownFileType = sourcecode.swift; path = AppDelegate.swift; sourceTree = "<group>"; };
		8E8337E52C3A8335003F0C37 /* SceneDelegate.swift */ = {isa = PBXFileReference; lastKnownFileType = sourcecode.swift; path = SceneDelegate.swift; sourceTree = "<group>"; };
		8E8337E72C3A8335003F0C37 /* LoginViewController.swift */ = {isa = PBXFileReference; lastKnownFileType = sourcecode.swift; path = LoginViewController.swift; sourceTree = "<group>"; };
		8E8337EA2C3A8335003F0C37 /* Base */ = {isa = PBXFileReference; lastKnownFileType = file.storyboard; name = Base; path = Base.lproj/Main.storyboard; sourceTree = "<group>"; };
		8E8337ED2C3A8335003F0C37 /* SATechnologiesMachineTest.xcdatamodel */ = {isa = PBXFileReference; lastKnownFileType = wrapper.xcdatamodel; path = SATechnologiesMachineTest.xcdatamodel; sourceTree = "<group>"; };
		8E8337EF2C3A8337003F0C37 /* Assets.xcassets */ = {isa = PBXFileReference; lastKnownFileType = folder.assetcatalog; path = Assets.xcassets; sourceTree = "<group>"; };
		8E8337F22C3A8337003F0C37 /* Base */ = {isa = PBXFileReference; lastKnownFileType = file.storyboard; name = Base; path = Base.lproj/LaunchScreen.storyboard; sourceTree = "<group>"; };
		8E8337F42C3A8337003F0C37 /* Info.plist */ = {isa = PBXFileReference; lastKnownFileType = text.plist.xml; path = Info.plist; sourceTree = "<group>"; };
/* End PBXFileReference section */

/* Begin PBXFrameworksBuildPhase section */
		8E8337DD2C3A8335003F0C37 /* Frameworks */ = {
			isa = PBXFrameworksBuildPhase;
			buildActionMask = 2147483647;
			files = (
				8E372AB72C3A9DBB00AE385C /* IQKeyboardManagerSwift in Frameworks */,
			);
			runOnlyForDeploymentPostprocessing = 0;
		};
/* End PBXFrameworksBuildPhase section */

/* Begin PBXGroup section */
		8E372AA02C3A892F00AE385C /* Model */ = {
			isa = PBXGroup;
			children = (
				8E372AA62C3A8B5600AE385C /* Login */,
				8E372AA92C3A8BE800AE385C /* GenericAPIResponse.swift */,
				8E372AC92C3B8C1A00AE385C /* RefreshInspectionAPIResponse.swift */,
			);
			path = Model;
			sourceTree = "<group>";
		};
		8E372AA12C3A893400AE385C /* View */ = {
			isa = PBXGroup;
			children = (
				8E372ACF2C3BA20E00AE385C /* TableViewCells */,
				8E8337E92C3A8335003F0C37 /* Main.storyboard */,
			);
			path = View;
			sourceTree = "<group>";
		};
		8E372AA22C3A893900AE385C /* Controller */ = {
			isa = PBXGroup;
			children = (
				8E8337E72C3A8335003F0C37 /* LoginViewController.swift */,
				8E372AC32C3AE69700AE385C /* HomeViewController.swift */,
				8E372AC52C3AEC9100AE385C /* HomeNavigationController.swift */,
				8E372ACB2C3B8FA200AE385C /* InspectionViewController.swift */,
			);
			path = Controller;
			sourceTree = "<group>";
		};
		8E372AA32C3A895300AE385C /* ViewModel */ = {
			isa = PBXGroup;
			children = (
				8E372AA42C3A897700AE385C /* LoginViewModel.swift */,
				8E372AC72C3B8A3600AE385C /* HomeViewModel.swift */,
				8E372ACD2C3B906200AE385C /* InspectionViewModel.swift */,
			);
			path = ViewModel;
			sourceTree = "<group>";
		};
		8E372AA62C3A8B5600AE385C /* Login */ = {
			isa = PBXGroup;
			children = (
				8E372AA72C3A8B7D00AE385C /* LoginAPIRequestModel.swift */,
				8E372ABD2C3ACB1700AE385C /* LoginAPIResponseModel.swift */,
			);
			path = Login;
			sourceTree = "<group>";
		};
		8E372AAB2C3A904600AE385C /* Ultilities */ = {
			isa = PBXGroup;
			children = (
				8E372AB82C3A9F0700AE385C /* Manager */,
				8E372AB02C3A977800AE385C /* CustomAlertController */,
				8E372AAD2C3A905400AE385C /* Resources */,
				8E372AAC2C3A904E00AE385C /* Extension */,
				8E372ABB2C3AC60B00AE385C /* Constant.swift */,
				8E372ABF2C3ACCF800AE385C /* APIError.swift */,
			);
			path = Ultilities;
			sourceTree = "<group>";
		};
		8E372AAC2C3A904E00AE385C /* Extension */ = {
			isa = PBXGroup;
			children = (
				8E372AAE2C3A906400AE385C /* StringExtensions.swift */,
				8E372AB32C3A983C00AE385C /* UIApplicationExtension.swift */,
			);
			path = Extension;
			sourceTree = "<group>";
		};
		8E372AAD2C3A905400AE385C /* Resources */ = {
			isa = PBXGroup;
			children = (
				8E8337EF2C3A8337003F0C37 /* Assets.xcassets */,
			);
			path = Resources;
			sourceTree = "<group>";
		};
		8E372AB02C3A977800AE385C /* CustomAlertController */ = {
			isa = PBXGroup;
			children = (
				8E372AB12C3A978C00AE385C /* CustomAlertController.swift */,
			);
			path = CustomAlertController;
			sourceTree = "<group>";
		};
		8E372AB82C3A9F0700AE385C /* Manager */ = {
			isa = PBXGroup;
			children = (
				8E372AB92C3A9F1500AE385C /* APIManager.swift */,
				8E372AC12C3ACE2400AE385C /* LoginManager.swift */,
			);
			path = Manager;
			sourceTree = "<group>";
		};
		8E372ACF2C3BA20E00AE385C /* TableViewCells */ = {
			isa = PBXGroup;
			children = (
				8E372AD02C3BA24700AE385C /* InspectionListTableViewCell.swift */,
				8E372AD12C3BA24700AE385C /* InspectionListTableViewCell.xib */,
			);
			path = TableViewCells;
			sourceTree = "<group>";
		};
		8E8337D72C3A8335003F0C37 = {
			isa = PBXGroup;
			children = (
				8E8337E22C3A8335003F0C37 /* SATechnologiesMachineTest */,
				8E8337E12C3A8335003F0C37 /* Products */,
			);
			sourceTree = "<group>";
		};
		8E8337E12C3A8335003F0C37 /* Products */ = {
			isa = PBXGroup;
			children = (
				8E8337E02C3A8335003F0C37 /* SATechnologiesMachineTest.app */,
			);
			name = Products;
			sourceTree = "<group>";
		};
		8E8337E22C3A8335003F0C37 /* SATechnologiesMachineTest */ = {
			isa = PBXGroup;
			children = (
				8E372AAB2C3A904600AE385C /* Ultilities */,
				8E372AA32C3A895300AE385C /* ViewModel */,
				8E372AA22C3A893900AE385C /* Controller */,
				8E372AA12C3A893400AE385C /* View */,
				8E372AA02C3A892F00AE385C /* Model */,
				8E8337E32C3A8335003F0C37 /* AppDelegate.swift */,
				8E8337E52C3A8335003F0C37 /* SceneDelegate.swift */,
				8E8337F12C3A8337003F0C37 /* LaunchScreen.storyboard */,
				8E8337F42C3A8337003F0C37 /* Info.plist */,
				8E8337EC2C3A8335003F0C37 /* SATechnologiesMachineTest.xcdatamodeld */,
			);
			path = SATechnologiesMachineTest;
			sourceTree = "<group>";
		};
/* End PBXGroup section */

/* Begin PBXNativeTarget section */
		8E8337DF2C3A8335003F0C37 /* SATechnologiesMachineTest */ = {
			isa = PBXNativeTarget;
			buildConfigurationList = 8E8337F72C3A8337003F0C37 /* Build configuration list for PBXNativeTarget "SATechnologiesMachineTest" */;
			buildPhases = (
				8E8337DC2C3A8335003F0C37 /* Sources */,
				8E8337DD2C3A8335003F0C37 /* Frameworks */,
				8E8337DE2C3A8335003F0C37 /* Resources */,
			);
			buildRules = (
			);
			dependencies = (
			);
			name = SATechnologiesMachineTest;
			packageProductDependencies = (
				8E372AB62C3A9DBB00AE385C /* IQKeyboardManagerSwift */,
			);
			productName = SATechnologiesMachineTest;
			productReference = 8E8337E02C3A8335003F0C37 /* SATechnologiesMachineTest.app */;
			productType = "com.apple.product-type.application";
		};
/* End PBXNativeTarget section */

/* Begin PBXProject section */
		8E8337D82C3A8335003F0C37 /* Project object */ = {
			isa = PBXProject;
			attributes = {
				BuildIndependentTargetsInParallel = 1;
				LastSwiftUpdateCheck = 1510;
				LastUpgradeCheck = 1510;
				TargetAttributes = {
					8E8337DF2C3A8335003F0C37 = {
						CreatedOnToolsVersion = 15.1;
					};
				};
			};
			buildConfigurationList = 8E8337DB2C3A8335003F0C37 /* Build configuration list for PBXProject "SATechnologiesMachineTest" */;
			compatibilityVersion = "Xcode 14.0";
			developmentRegion = en;
			hasScannedForEncodings = 0;
			knownRegions = (
				en,
				Base,
			);
			mainGroup = 8E8337D72C3A8335003F0C37;
			packageReferences = (
				8E372AB52C3A9DBB00AE385C /* XCRemoteSwiftPackageReference "IQKeyboardManager" */,
			);
			productRefGroup = 8E8337E12C3A8335003F0C37 /* Products */;
			projectDirPath = "";
			projectRoot = "";
			targets = (
				8E8337DF2C3A8335003F0C37 /* SATechnologiesMachineTest */,
			);
		};
/* End PBXProject section */

/* Begin PBXResourcesBuildPhase section */
		8E8337DE2C3A8335003F0C37 /* Resources */ = {
			isa = PBXResourcesBuildPhase;
			buildActionMask = 2147483647;
			files = (
				8E8337F32C3A8337003F0C37 /* LaunchScreen.storyboard in Resources */,
				8E8337F02C3A8337003F0C37 /* Assets.xcassets in Resources */,
				8E8337EB2C3A8335003F0C37 /* Main.storyboard in Resources */,
				8E372AD32C3BA24700AE385C /* InspectionListTableViewCell.xib in Resources */,
			);
			runOnlyForDeploymentPostprocessing = 0;
		};
/* End PBXResourcesBuildPhase section */

/* Begin PBXSourcesBuildPhase section */
		8E8337DC2C3A8335003F0C37 /* Sources */ = {
			isa = PBXSourcesBuildPhase;
			buildActionMask = 2147483647;
			files = (
				8E372ACC2C3B8FA200AE385C /* InspectionViewController.swift in Sources */,
				8E372AAF2C3A906400AE385C /* StringExtensions.swift in Sources */,
				8E372AC82C3B8A3600AE385C /* HomeViewModel.swift in Sources */,
				8E8337E82C3A8335003F0C37 /* LoginViewController.swift in Sources */,
				8E372AB42C3A983C00AE385C /* UIApplicationExtension.swift in Sources */,
				8E372ACA2C3B8C1A00AE385C /* RefreshInspectionAPIResponse.swift in Sources */,
				8E8337E42C3A8335003F0C37 /* AppDelegate.swift in Sources */,
				8E372ABA2C3A9F1500AE385C /* APIManager.swift in Sources */,
				8E372AC22C3ACE2400AE385C /* LoginManager.swift in Sources */,
				8E372AB22C3A978C00AE385C /* CustomAlertController.swift in Sources */,
				8E372AA82C3A8B7D00AE385C /* LoginAPIRequestModel.swift in Sources */,
				8E372AC62C3AEC9100AE385C /* HomeNavigationController.swift in Sources */,
				8E8337E62C3A8335003F0C37 /* SceneDelegate.swift in Sources */,
				8E372ACE2C3B906200AE385C /* InspectionViewModel.swift in Sources */,
				8E372AA52C3A897700AE385C /* LoginViewModel.swift in Sources */,
				8E8337EE2C3A8335003F0C37 /* SATechnologiesMachineTest.xcdatamodeld in Sources */,
				8E372AC42C3AE69700AE385C /* HomeViewController.swift in Sources */,
				8E372ABE2C3ACB1700AE385C /* LoginAPIResponseModel.swift in Sources */,
				8E372AAA2C3A8BE800AE385C /* GenericAPIResponse.swift in Sources */,
				8E372AD22C3BA24700AE385C /* InspectionListTableViewCell.swift in Sources */,
				8E372ABC2C3AC60B00AE385C /* Constant.swift in Sources */,
				8E372AC02C3ACCF800AE385C /* APIError.swift in Sources */,
			);
			runOnlyForDeploymentPostprocessing = 0;
		};
/* End PBXSourcesBuildPhase section */

/* Begin PBXVariantGroup section */
		8E8337E92C3A8335003F0C37 /* Main.storyboard */ = {
			isa = PBXVariantGroup;
			children = (
				8E8337EA2C3A8335003F0C37 /* Base */,
			);
			name = Main.storyboard;
			sourceTree = "<group>";
		};
		8E8337F12C3A8337003F0C37 /* LaunchScreen.storyboard */ = {
			isa = PBXVariantGroup;
			children = (
				8E8337F22C3A8337003F0C37 /* Base */,
			);
			name = LaunchScreen.storyboard;
			sourceTree = "<group>";
		};
/* End PBXVariantGroup section */

/* Begin XCBuildConfiguration section */
		8E8337F52C3A8337003F0C37 /* Debug */ = {
			isa = XCBuildConfiguration;
			buildSettings = {
				ALWAYS_SEARCH_USER_PATHS = NO;
				ASSETCATALOG_COMPILER_GENERATE_SWIFT_ASSET_SYMBOL_EXTENSIONS = YES;
				CLANG_ANALYZER_NONNULL = YES;
				CLANG_ANALYZER_NUMBER_OBJECT_CONVERSION = YES_AGGRESSIVE;
				CLANG_CXX_LANGUAGE_STANDARD = "gnu++20";
				CLANG_ENABLE_MODULES = YES;
				CLANG_ENABLE_OBJC_ARC = YES;
				CLANG_ENABLE_OBJC_WEAK = YES;
				CLANG_WARN_BLOCK_CAPTURE_AUTORELEASING = YES;
				CLANG_WARN_BOOL_CONVERSION = YES;
				CLANG_WARN_COMMA = YES;
				CLANG_WARN_CONSTANT_CONVERSION = YES;
				CLANG_WARN_DEPRECATED_OBJC_IMPLEMENTATIONS = YES;
				CLANG_WARN_DIRECT_OBJC_ISA_USAGE = YES_ERROR;
				CLANG_WARN_DOCUMENTATION_COMMENTS = YES;
				CLANG_WARN_EMPTY_BODY = YES;
				CLANG_WARN_ENUM_CONVERSION = YES;
				CLANG_WARN_INFINITE_RECURSION = YES;
				CLANG_WARN_INT_CONVERSION = YES;
				CLANG_WARN_NON_LITERAL_NULL_CONVERSION = YES;
				CLANG_WARN_OBJC_IMPLICIT_RETAIN_SELF = YES;
				CLANG_WARN_OBJC_LITERAL_CONVERSION = YES;
				CLANG_WARN_OBJC_ROOT_CLASS = YES_ERROR;
				CLANG_WARN_QUOTED_INCLUDE_IN_FRAMEWORK_HEADER = YES;
				CLANG_WARN_RANGE_LOOP_ANALYSIS = YES;
				CLANG_WARN_STRICT_PROTOTYPES = YES;
				CLANG_WARN_SUSPICIOUS_MOVE = YES;
				CLANG_WARN_UNGUARDED_AVAILABILITY = YES_AGGRESSIVE;
				CLANG_WARN_UNREACHABLE_CODE = YES;
				CLANG_WARN__DUPLICATE_METHOD_MATCH = YES;
				COPY_PHASE_STRIP = NO;
				DEBUG_INFORMATION_FORMAT = dwarf;
				ENABLE_STRICT_OBJC_MSGSEND = YES;
				ENABLE_TESTABILITY = YES;
				ENABLE_USER_SCRIPT_SANDBOXING = YES;
				GCC_C_LANGUAGE_STANDARD = gnu17;
				GCC_DYNAMIC_NO_PIC = NO;
				GCC_NO_COMMON_BLOCKS = YES;
				GCC_OPTIMIZATION_LEVEL = 0;
				GCC_PREPROCESSOR_DEFINITIONS = (
					"DEBUG=1",
					"$(inherited)",
				);
				GCC_WARN_64_TO_32_BIT_CONVERSION = YES;
				GCC_WARN_ABOUT_RETURN_TYPE = YES_ERROR;
				GCC_WARN_UNDECLARED_SELECTOR = YES;
				GCC_WARN_UNINITIALIZED_AUTOS = YES_AGGRESSIVE;
				GCC_WARN_UNUSED_FUNCTION = YES;
				GCC_WARN_UNUSED_VARIABLE = YES;
				IPHONEOS_DEPLOYMENT_TARGET = 17.2;
				LOCALIZATION_PREFERS_STRING_CATALOGS = YES;
				MTL_ENABLE_DEBUG_INFO = INCLUDE_SOURCE;
				MTL_FAST_MATH = YES;
				ONLY_ACTIVE_ARCH = YES;
				SDKROOT = iphoneos;
				SWIFT_ACTIVE_COMPILATION_CONDITIONS = "DEBUG $(inherited)";
				SWIFT_OPTIMIZATION_LEVEL = "-Onone";
			};
			name = Debug;
		};
		8E8337F62C3A8337003F0C37 /* Release */ = {
			isa = XCBuildConfiguration;
			buildSettings = {
				ALWAYS_SEARCH_USER_PATHS = NO;
				ASSETCATALOG_COMPILER_GENERATE_SWIFT_ASSET_SYMBOL_EXTENSIONS = YES;
				CLANG_ANALYZER_NONNULL = YES;
				CLANG_ANALYZER_NUMBER_OBJECT_CONVERSION = YES_AGGRESSIVE;
				CLANG_CXX_LANGUAGE_STANDARD = "gnu++20";
				CLANG_ENABLE_MODULES = YES;
				CLANG_ENABLE_OBJC_ARC = YES;
				CLANG_ENABLE_OBJC_WEAK = YES;
				CLANG_WARN_BLOCK_CAPTURE_AUTORELEASING = YES;
				CLANG_WARN_BOOL_CONVERSION = YES;
				CLANG_WARN_COMMA = YES;
				CLANG_WARN_CONSTANT_CONVERSION = YES;
				CLANG_WARN_DEPRECATED_OBJC_IMPLEMENTATIONS = YES;
				CLANG_WARN_DIRECT_OBJC_ISA_USAGE = YES_ERROR;
				CLANG_WARN_DOCUMENTATION_COMMENTS = YES;
				CLANG_WARN_EMPTY_BODY = YES;
				CLANG_WARN_ENUM_CONVERSION = YES;
				CLANG_WARN_INFINITE_RECURSION = YES;
				CLANG_WARN_INT_CONVERSION = YES;
				CLANG_WARN_NON_LITERAL_NULL_CONVERSION = YES;
				CLANG_WARN_OBJC_IMPLICIT_RETAIN_SELF = YES;
				CLANG_WARN_OBJC_LITERAL_CONVERSION = YES;
				CLANG_WARN_OBJC_ROOT_CLASS = YES_ERROR;
				CLANG_WARN_QUOTED_INCLUDE_IN_FRAMEWORK_HEADER = YES;
				CLANG_WARN_RANGE_LOOP_ANALYSIS = YES;
				CLANG_WARN_STRICT_PROTOTYPES = YES;
				CLANG_WARN_SUSPICIOUS_MOVE = YES;
				CLANG_WARN_UNGUARDED_AVAILABILITY = YES_AGGRESSIVE;
				CLANG_WARN_UNREACHABLE_CODE = YES;
				CLANG_WARN__DUPLICATE_METHOD_MATCH = YES;
				COPY_PHASE_STRIP = NO;
				DEBUG_INFORMATION_FORMAT = "dwarf-with-dsym";
				ENABLE_NS_ASSERTIONS = NO;
				ENABLE_STRICT_OBJC_MSGSEND = YES;
				ENABLE_USER_SCRIPT_SANDBOXING = YES;
				GCC_C_LANGUAGE_STANDARD = gnu17;
				GCC_NO_COMMON_BLOCKS = YES;
				GCC_WARN_64_TO_32_BIT_CONVERSION = YES;
				GCC_WARN_ABOUT_RETURN_TYPE = YES_ERROR;
				GCC_WARN_UNDECLARED_SELECTOR = YES;
				GCC_WARN_UNINITIALIZED_AUTOS = YES_AGGRESSIVE;
				GCC_WARN_UNUSED_FUNCTION = YES;
				GCC_WARN_UNUSED_VARIABLE = YES;
				IPHONEOS_DEPLOYMENT_TARGET = 17.2;
				LOCALIZATION_PREFERS_STRING_CATALOGS = YES;
				MTL_ENABLE_DEBUG_INFO = NO;
				MTL_FAST_MATH = YES;
				SDKROOT = iphoneos;
				SWIFT_COMPILATION_MODE = wholemodule;
				VALIDATE_PRODUCT = YES;
			};
			name = Release;
		};
		8E8337F82C3A8337003F0C37 /* Debug */ = {
			isa = XCBuildConfiguration;
			buildSettings = {
				ASSETCATALOG_COMPILER_APPICON_NAME = AppIcon;
				ASSETCATALOG_COMPILER_GLOBAL_ACCENT_COLOR_NAME = AccentColor;
				CODE_SIGN_STYLE = Automatic;
				CURRENT_PROJECT_VERSION = 1;
				DEVELOPMENT_TEAM = WZ9ZY6XGYW;
				GENERATE_INFOPLIST_FILE = YES;
				INFOPLIST_FILE = SATechnologiesMachineTest/Info.plist;
				INFOPLIST_KEY_UIApplicationSupportsIndirectInputEvents = YES;
				INFOPLIST_KEY_UILaunchStoryboardName = LaunchScreen;
				INFOPLIST_KEY_UIMainStoryboardFile = Main;
				INFOPLIST_KEY_UISupportedInterfaceOrientations = UIInterfaceOrientationPortrait;
				INFOPLIST_KEY_UISupportedInterfaceOrientations_iPad = "UIInterfaceOrientationPortrait UIInterfaceOrientationPortraitUpsideDown";
				LD_RUNPATH_SEARCH_PATHS = (
					"$(inherited)",
					"@executable_path/Frameworks",
				);
				MARKETING_VERSION = 1.0;
				PRODUCT_BUNDLE_IDENTIFIER = abc.SATechnologiesMachineTest;
				PRODUCT_NAME = "$(TARGET_NAME)";
				SWIFT_EMIT_LOC_STRINGS = YES;
				SWIFT_VERSION = 5.0;
				TARGETED_DEVICE_FAMILY = "1,2";
			};
			name = Debug;
		};
		8E8337F92C3A8337003F0C37 /* Release */ = {
			isa = XCBuildConfiguration;
			buildSettings = {
				ASSETCATALOG_COMPILER_APPICON_NAME = AppIcon;
				ASSETCATALOG_COMPILER_GLOBAL_ACCENT_COLOR_NAME = AccentColor;
				CODE_SIGN_STYLE = Automatic;
				CURRENT_PROJECT_VERSION = 1;
				DEVELOPMENT_TEAM = WZ9ZY6XGYW;
				GENERATE_INFOPLIST_FILE = YES;
				INFOPLIST_FILE = SATechnologiesMachineTest/Info.plist;
				INFOPLIST_KEY_UIApplicationSupportsIndirectInputEvents = YES;
				INFOPLIST_KEY_UILaunchStoryboardName = LaunchScreen;
				INFOPLIST_KEY_UIMainStoryboardFile = Main;
				INFOPLIST_KEY_UISupportedInterfaceOrientations = UIInterfaceOrientationPortrait;
				INFOPLIST_KEY_UISupportedInterfaceOrientations_iPad = "UIInterfaceOrientationPortrait UIInterfaceOrientationPortraitUpsideDown";
				LD_RUNPATH_SEARCH_PATHS = (
					"$(inherited)",
					"@executable_path/Frameworks",
				);
				MARKETING_VERSION = 1.0;
				PRODUCT_BUNDLE_IDENTIFIER = abc.SATechnologiesMachineTest;
				PRODUCT_NAME = "$(TARGET_NAME)";
				SWIFT_EMIT_LOC_STRINGS = YES;
				SWIFT_VERSION = 5.0;
				TARGETED_DEVICE_FAMILY = "1,2";
			};
			name = Release;
		};
/* End XCBuildConfiguration section */

/* Begin XCConfigurationList section */
		8E8337DB2C3A8335003F0C37 /* Build configuration list for PBXProject "SATechnologiesMachineTest" */ = {
			isa = XCConfigurationList;
			buildConfigurations = (
				8E8337F52C3A8337003F0C37 /* Debug */,
				8E8337F62C3A8337003F0C37 /* Release */,
			);
			defaultConfigurationIsVisible = 0;
			defaultConfigurationName = Release;
		};
		8E8337F72C3A8337003F0C37 /* Build configuration list for PBXNativeTarget "SATechnologiesMachineTest" */ = {
			isa = XCConfigurationList;
			buildConfigurations = (
				8E8337F82C3A8337003F0C37 /* Debug */,
				8E8337F92C3A8337003F0C37 /* Release */,
			);
			defaultConfigurationIsVisible = 0;
			defaultConfigurationName = Release;
		};
/* End XCConfigurationList section */

/* Begin XCRemoteSwiftPackageReference section */
		8E372AB52C3A9DBB00AE385C /* XCRemoteSwiftPackageReference "IQKeyboardManager" */ = {
			isa = XCRemoteSwiftPackageReference;
			repositoryURL = "https://github.com/hackiftekhar/IQKeyboardManager.git";
			requirement = {
				kind = upToNextMajorVersion;
				minimumVersion = 7.0.3;
			};
		};
/* End XCRemoteSwiftPackageReference section */

/* Begin XCSwiftPackageProductDependency section */
		8E372AB62C3A9DBB00AE385C /* IQKeyboardManagerSwift */ = {
			isa = XCSwiftPackageProductDependency;
			package = 8E372AB52C3A9DBB00AE385C /* XCRemoteSwiftPackageReference "IQKeyboardManager" */;
			productName = IQKeyboardManagerSwift;
		};
/* End XCSwiftPackageProductDependency section */

/* Begin XCVersionGroup section */
		8E8337EC2C3A8335003F0C37 /* SATechnologiesMachineTest.xcdatamodeld */ = {
			isa = XCVersionGroup;
			children = (
				8E8337ED2C3A8335003F0C37 /* SATechnologiesMachineTest.xcdatamodel */,
			);
			currentVersion = 8E8337ED2C3A8335003F0C37 /* SATechnologiesMachineTest.xcdatamodel */;
			path = SATechnologiesMachineTest.xcdatamodeld;
			sourceTree = "<group>";
			versionGroupType = wrapper.xcdatamodel;
		};
/* End XCVersionGroup section */
	};
	rootObject = 8E8337D82C3A8335003F0C37 /* Project object */;
}
